
Microsoft Visual Studio Solution File, Format Version 12.00
# Visual Studio Version 17
VisualStudioVersion = 17.9.34607.119
MinimumVisualStudioVersion = 10.0.40219.1
Project("{FAE04EC0-301F-11D3-BF4B-00C04F79EFBC}") = "MasterPageDemo", "MasterPageDemo.csproj", "{AF9F8A48-0133-4865-ADD4-41676E98956A}"
EndProject
Global
	GlobalSection(SolutionConfigurationPlatforms) = preSolution
		Debug|Any CPU = Debug|Any CPU
		Release|Any CPU = Release|Any CPU
	EndGlobalSection
	GlobalSection(ProjectConfigurationPlatforms) = postSolution
		{AF9F8A48-0133-4865-ADD4-41676E98956A}.Debug|Any CPU.ActiveCfg = Debug|Any CPU
		{AF9F8A48-0133-4865-ADD4-41676E98956A}.Debug|Any CPU.Build.0 = Debug|Any CPU
		{AF9F8A48-0133-4865-ADD4-41676E98956A}.Release|Any CPU.ActiveCfg = Release|Any CPU
		{AF9F8A48-0133-4865-ADD4-41676E98956A}.Release|Any CPU.Build.0 = Release|Any CPU
	EndGlobalSection
	GlobalSection(SolutionProperties) = preSolution
		HideSolutionNode = FALSE
	EndGlobalSection
	GlobalSection(ExtensibilityGlobals) = postSolution
		SolutionGuid = {ED3DD24A-CE8A-4CF5-B786-3610E3177344}
	EndGlobalSection
EndGlobal
